name: update-flake-lock
on:
  workflow_dispatch:
  schedule:
    - cron: '0 3 * * *'
  push:
  

jobs:
  update-flake-lock:
    permissions:
      contents: write
      id-token: write
      issues: write
      pull-requests: write
    runs-on: ubuntu-latest
    steps:
      - uses: actions/checkout@v4
      - uses: DeterminateSystems/nix-installer-action@v12
      - id: update
        uses: DeterminateSystems/update-flake-lock@v23
        with:
          commit-msg: "chore(flake.lock): update"
          pr-title: "chore(flake.lock): update"
          pr-labels: auto-merge
          token: "${{ secrets.GITHUB_TOKEN }}"
      - name: Print PR number
        run: echo Pull request number is ${{ steps.update.outputs.pull-request-number }}.
      - name: Merge
        run: gh pr merge --auto "${{ steps.update.outputs.pull-request-number }}" --rebase
        env:
          GITHUB_TOKEN: ${{secrets.GITHUB_TOKEN}}
        if: ${{ steps.update.outputs.pull-request-number != '' }}
